
Microsoft Visual Studio Solution File, Format Version 12.00
# Visual Studio Version 16
VisualStudioVersion = 16.0.28803.202
MinimumVisualStudioVersion = 10.0.40219.1
Project("{F184B08F-C81C-45F6-A57F-5ABD9991F28F}") = "Teaching", "Attendence\Teaching.vbproj", "{83A13431-BCBD-4BBF-9E92-D2E9B6E60981}"
EndProject
Global
	GlobalSection(SolutionConfigurationPlatforms) = preSolution
		Debug|Any CPU = Debug|Any CPU
		Debug|Mixed Platforms = Debug|Mixed Platforms
		Debug|x86 = Debug|x86
		Release|Any CPU = Release|Any CPU
		Release|Mixed Platforms = Release|Mixed Platforms
		Release|x86 = Release|x86
	EndGlobalSection
	GlobalSection(ProjectConfigurationPlatforms) = postSolution
		{83A13431-BCBD-4BBF-9E92-D2E9B6E60981}.Debug|Any CPU.ActiveCfg = Debug|x86
		{83A13431-BCBD-4BBF-9E92-D2E9B6E60981}.Debug|Mixed Platforms.ActiveCfg = Debug|x86
		{83A13431-BCBD-4BBF-9E92-D2E9B6E60981}.Debug|Mixed Platforms.Build.0 = Debug|x86
		{83A13431-BCBD-4BBF-9E92-D2E9B6E60981}.Debug|x86.ActiveCfg = Debug|x86
		{83A13431-BCBD-4BBF-9E92-D2E9B6E60981}.Debug|x86.Build.0 = Debug|x86
		{83A13431-BCBD-4BBF-9E92-D2E9B6E60981}.Release|Any CPU.ActiveCfg = Release|x86
		{83A13431-BCBD-4BBF-9E92-D2E9B6E60981}.Release|Mixed Platforms.ActiveCfg = Release|x86
		{83A13431-BCBD-4BBF-9E92-D2E9B6E60981}.Release|Mixed Platforms.Build.0 = Release|x86
		{83A13431-BCBD-4BBF-9E92-D2E9B6E60981}.Release|x86.ActiveCfg = Release|x86
		{83A13431-BCBD-4BBF-9E92-D2E9B6E60981}.Release|x86.Build.0 = Release|x86
	EndGlobalSection
	GlobalSection(SolutionProperties) = preSolution
		HideSolutionNode = FALSE
	EndGlobalSection
	GlobalSection(ExtensibilityGlobals) = postSolution
		SolutionGuid = {62870E70-78B3-47AA-B617-A2297387830A}
	EndGlobalSection
EndGlobal
